// !$*UTF8*$!
{
	archiveVersion = 1;
	classes = {
	};
	objectVersion = 50;
	objects = {

/* Begin PBXBuildFile section */
		14490CC67AC40A16A9E762CE /* Pods_flixsterTests.framework in Frameworks */ = {isa = PBXBuildFile; fileRef = C18D0AE6069330046FC2AB58 /* Pods_flixsterTests.framework */; };
		1936F3D29F60A7C80A473889 /* Pods_flixster_flixsterUITests.framework in Frameworks */ = {isa = PBXBuildFile; fileRef = 9DB97C9F7B9BF5A0AF0DCA56 /* Pods_flixster_flixsterUITests.framework */; };
		340FF2F641EAAAB850B7072F /* Pods_flixster.framework in Frameworks */ = {isa = PBXBuildFile; fileRef = 2490AA1DBC4B6444FA2ACAE6 /* Pods_flixster.framework */; };
		5A3A0031251EBA1500D09B94 /* MovieCell.swift in Sources */ = {isa = PBXBuildFile; fileRef = 5A3A0030251EBA1500D09B94 /* MovieCell.swift */; };
		5A9FAA16251D832A001D82E2 /* AppDelegate.swift in Sources */ = {isa = PBXBuildFile; fileRef = 5A9FAA15251D832A001D82E2 /* AppDelegate.swift */; };
		5A9FAA18251D832A001D82E2 /* SceneDelegate.swift in Sources */ = {isa = PBXBuildFile; fileRef = 5A9FAA17251D832A001D82E2 /* SceneDelegate.swift */; };
		5A9FAA1D251D832A001D82E2 /* Main.storyboard in Resources */ = {isa = PBXBuildFile; fileRef = 5A9FAA1B251D832A001D82E2 /* Main.storyboard */; };
		5A9FAA1F251D832C001D82E2 /* Assets.xcassets in Resources */ = {isa = PBXBuildFile; fileRef = 5A9FAA1E251D832C001D82E2 /* Assets.xcassets */; };
		5A9FAA22251D832C001D82E2 /* LaunchScreen.storyboard in Resources */ = {isa = PBXBuildFile; fileRef = 5A9FAA20251D832C001D82E2 /* LaunchScreen.storyboard */; };
		5A9FAA2D251D832C001D82E2 /* flixsterTests.swift in Sources */ = {isa = PBXBuildFile; fileRef = 5A9FAA2C251D832C001D82E2 /* flixsterTests.swift */; };
		5A9FAA38251D832C001D82E2 /* flixsterUITests.swift in Sources */ = {isa = PBXBuildFile; fileRef = 5A9FAA37251D832C001D82E2 /* flixsterUITests.swift */; };
		5A9FAA46251D8346001D82E2 /* MoviesViewController.swift in Sources */ = {isa = PBXBuildFile; fileRef = 5A9FAA45251D8346001D82E2 /* MoviesViewController.swift */; };
/* End PBXBuildFile section */

/* Begin PBXContainerItemProxy section */
		5A9FAA29251D832C001D82E2 /* PBXContainerItemProxy */ = {
			isa = PBXContainerItemProxy;
			containerPortal = 5A9FAA0A251D832A001D82E2 /* Project object */;
			proxyType = 1;
			remoteGlobalIDString = 5A9FAA11251D832A001D82E2;
			remoteInfo = flixster;
		};
		5A9FAA34251D832C001D82E2 /* PBXContainerItemProxy */ = {
			isa = PBXContainerItemProxy;
			containerPortal = 5A9FAA0A251D832A001D82E2 /* Project object */;
			proxyType = 1;
			remoteGlobalIDString = 5A9FAA11251D832A001D82E2;
			remoteInfo = flixster;
		};
/* End PBXContainerItemProxy section */

/* Begin PBXFileReference section */
		024A413F7F918325784EDB79 /* Pods-flixster-flixsterUITests.debug.xcconfig */ = {isa = PBXFileReference; includeInIndex = 1; lastKnownFileType = text.xcconfig; name = "Pods-flixster-flixsterUITests.debug.xcconfig"; path = "Target Support Files/Pods-flixster-flixsterUITests/Pods-flixster-flixsterUITests.debug.xcconfig"; sourceTree = "<group>"; };
		0B7D95DFD4F28B74B2BAAEF6 /* Pods-flixsterTests.release.xcconfig */ = {isa = PBXFileReference; includeInIndex = 1; lastKnownFileType = text.xcconfig; name = "Pods-flixsterTests.release.xcconfig"; path = "Target Support Files/Pods-flixsterTests/Pods-flixsterTests.release.xcconfig"; sourceTree = "<group>"; };
		0C4B91FB63040882C6937062 /* Pods-flixster.release.xcconfig */ = {isa = PBXFileReference; includeInIndex = 1; lastKnownFileType = text.xcconfig; name = "Pods-flixster.release.xcconfig"; path = "Target Support Files/Pods-flixster/Pods-flixster.release.xcconfig"; sourceTree = "<group>"; };
		23A30117E5C298AA827A4E09 /* Pods-flixsterTests.debug.xcconfig */ = {isa = PBXFileReference; includeInIndex = 1; lastKnownFileType = text.xcconfig; name = "Pods-flixsterTests.debug.xcconfig"; path = "Target Support Files/Pods-flixsterTests/Pods-flixsterTests.debug.xcconfig"; sourceTree = "<group>"; };
		2490AA1DBC4B6444FA2ACAE6 /* Pods_flixster.framework */ = {isa = PBXFileReference; explicitFileType = wrapper.framework; includeInIndex = 0; path = Pods_flixster.framework; sourceTree = BUILT_PRODUCTS_DIR; };
		5A3A0030251EBA1500D09B94 /* MovieCell.swift */ = {isa = PBXFileReference; lastKnownFileType = sourcecode.swift; path = MovieCell.swift; sourceTree = "<group>"; };
		5A9FAA12251D832A001D82E2 /* flixster.app */ = {isa = PBXFileReference; explicitFileType = wrapper.application; includeInIndex = 0; path = flixster.app; sourceTree = BUILT_PRODUCTS_DIR; };
		5A9FAA15251D832A001D82E2 /* AppDelegate.swift */ = {isa = PBXFileReference; lastKnownFileType = sourcecode.swift; path = AppDelegate.swift; sourceTree = "<group>"; };
		5A9FAA17251D832A001D82E2 /* SceneDelegate.swift */ = {isa = PBXFileReference; lastKnownFileType = sourcecode.swift; path = SceneDelegate.swift; sourceTree = "<group>"; };
		5A9FAA1C251D832A001D82E2 /* Base */ = {isa = PBXFileReference; lastKnownFileType = file.storyboard; name = Base; path = Base.lproj/Main.storyboard; sourceTree = "<group>"; };
		5A9FAA1E251D832C001D82E2 /* Assets.xcassets */ = {isa = PBXFileReference; lastKnownFileType = folder.assetcatalog; path = Assets.xcassets; sourceTree = "<group>"; };
		5A9FAA21251D832C001D82E2 /* Base */ = {isa = PBXFileReference; lastKnownFileType = file.storyboard; name = Base; path = Base.lproj/LaunchScreen.storyboard; sourceTree = "<group>"; };
		5A9FAA23251D832C001D82E2 /* Info.plist */ = {isa = PBXFileReference; lastKnownFileType = text.plist.xml; path = Info.plist; sourceTree = "<group>"; };
		5A9FAA28251D832C001D82E2 /* flixsterTests.xctest */ = {isa = PBXFileReference; explicitFileType = wrapper.cfbundle; includeInIndex = 0; path = flixsterTests.xctest; sourceTree = BUILT_PRODUCTS_DIR; };
		5A9FAA2C251D832C001D82E2 /* flixsterTests.swift */ = {isa = PBXFileReference; lastKnownFileType = sourcecode.swift; path = flixsterTests.swift; sourceTree = "<group>"; };
		5A9FAA2E251D832C001D82E2 /* Info.plist */ = {isa = PBXFileReference; lastKnownFileType = text.plist.xml; path = Info.plist; sourceTree = "<group>"; };
		5A9FAA33251D832C001D82E2 /* flixsterUITests.xctest */ = {isa = PBXFileReference; explicitFileType = wrapper.cfbundle; includeInIndex = 0; path = flixsterUITests.xctest; sourceTree = BUILT_PRODUCTS_DIR; };
		5A9FAA37251D832C001D82E2 /* flixsterUITests.swift */ = {isa = PBXFileReference; lastKnownFileType = sourcecode.swift; path = flixsterUITests.swift; sourceTree = "<group>"; };
		5A9FAA39251D832C001D82E2 /* Info.plist */ = {isa = PBXFileReference; lastKnownFileType = text.plist.xml; path = Info.plist; sourceTree = "<group>"; };
		5A9FAA45251D8346001D82E2 /* MoviesViewController.swift */ = {isa = PBXFileReference; lastKnownFileType = sourcecode.swift; path = MoviesViewController.swift; sourceTree = "<group>"; };
		839B6478280EE476A58C9C21 /* Pods-flixster.debug.xcconfig */ = {isa = PBXFileReference; includeInIndex = 1; lastKnownFileType = text.xcconfig; name = "Pods-flixster.debug.xcconfig"; path = "Target Support Files/Pods-flixster/Pods-flixster.debug.xcconfig"; sourceTree = "<group>"; };
		9DB97C9F7B9BF5A0AF0DCA56 /* Pods_flixster_flixsterUITests.framework */ = {isa = PBXFileReference; explicitFileType = wrapper.framework; includeInIndex = 0; path = Pods_flixster_flixsterUITests.framework; sourceTree = BUILT_PRODUCTS_DIR; };
		C18D0AE6069330046FC2AB58 /* Pods_flixsterTests.framework */ = {isa = PBXFileReference; explicitFileType = wrapper.framework; includeInIndex = 0; path = Pods_flixsterTests.framework; sourceTree = BUILT_PRODUCTS_DIR; };
		D4F1825AF8689F9BBC701920 /* Pods-flixster-flixsterUITests.release.xcconfig */ = {isa = PBXFileReference; includeInIndex = 1; lastKnownFileType = text.xcconfig; name = "Pods-flixster-flixsterUITests.release.xcconfig"; path = "Target Support Files/Pods-flixster-flixsterUITests/Pods-flixster-flixsterUITests.release.xcconfig"; sourceTree = "<group>"; };
/* End PBXFileReference section */

/* Begin PBXFrameworksBuildPhase section */
		5A9FAA0F251D832A001D82E2 /* Frameworks */ = {
			isa = PBXFrameworksBuildPhase;
			buildActionMask = 2147483647;
			files = (
				340FF2F641EAAAB850B7072F /* Pods_flixster.framework in Frameworks */,
			);
			runOnlyForDeploymentPostprocessing = 0;
		};
		5A9FAA25251D832C001D82E2 /* Frameworks */ = {
			isa = PBXFrameworksBuildPhase;
			buildActionMask = 2147483647;
			files = (
				14490CC67AC40A16A9E762CE /* Pods_flixsterTests.framework in Frameworks */,
			);
			runOnlyForDeploymentPostprocessing = 0;
		};
		5A9FAA30251D832C001D82E2 /* Frameworks */ = {
			isa = PBXFrameworksBuildPhase;
			buildActionMask = 2147483647;
			files = (
				1936F3D29F60A7C80A473889 /* Pods_flixster_flixsterUITests.framework in Frameworks */,
			);
			runOnlyForDeploymentPostprocessing = 0;
		};
/* End PBXFrameworksBuildPhase section */

/* Begin PBXGroup section */
		1F170EA61FEAAEBEE744F0CC /* Pods */ = {
			isa = PBXGroup;
			children = (
				839B6478280EE476A58C9C21 /* Pods-flixster.debug.xcconfig */,
				0C4B91FB63040882C6937062 /* Pods-flixster.release.xcconfig */,
				024A413F7F918325784EDB79 /* Pods-flixster-flixsterUITests.debug.xcconfig */,
				D4F1825AF8689F9BBC701920 /* Pods-flixster-flixsterUITests.release.xcconfig */,
				23A30117E5C298AA827A4E09 /* Pods-flixsterTests.debug.xcconfig */,
				0B7D95DFD4F28B74B2BAAEF6 /* Pods-flixsterTests.release.xcconfig */,
			);
			name = Pods;
			path = Pods;
			sourceTree = "<group>";
		};
		5A9FAA09251D832A001D82E2 = {
			isa = PBXGroup;
			children = (
				5A9FAA14251D832A001D82E2 /* flixster */,
				5A9FAA2B251D832C001D82E2 /* flixsterTests */,
				5A9FAA36251D832C001D82E2 /* flixsterUITests */,
				5A9FAA13251D832A001D82E2 /* Products */,
				1F170EA61FEAAEBEE744F0CC /* Pods */,
				B281A5C7E84697154876CBEE /* Frameworks */,
			);
			sourceTree = "<group>";
		};
		5A9FAA13251D832A001D82E2 /* Products */ = {
			isa = PBXGroup;
			children = (
				5A9FAA12251D832A001D82E2 /* flixster.app */,
				5A9FAA28251D832C001D82E2 /* flixsterTests.xctest */,
				5A9FAA33251D832C001D82E2 /* flixsterUITests.xctest */,
			);
			name = Products;
			sourceTree = "<group>";
		};
		5A9FAA14251D832A001D82E2 /* flixster */ = {
			isa = PBXGroup;
			children = (
				5A9FAA15251D832A001D82E2 /* AppDelegate.swift */,
				5A9FAA17251D832A001D82E2 /* SceneDelegate.swift */,
				5A9FAA1B251D832A001D82E2 /* Main.storyboard */,
				5A9FAA1E251D832C001D82E2 /* Assets.xcassets */,
				5A9FAA20251D832C001D82E2 /* LaunchScreen.storyboard */,
				5A9FAA23251D832C001D82E2 /* Info.plist */,
				5A9FAA45251D8346001D82E2 /* MoviesViewController.swift */,
				5A3A0030251EBA1500D09B94 /* MovieCell.swift */,
			);
			path = flixster;
			sourceTree = "<group>";
		};
		5A9FAA2B251D832C001D82E2 /* flixsterTests */ = {
			isa = PBXGroup;
			children = (
				5A9FAA2C251D832C001D82E2 /* flixsterTests.swift */,
				5A9FAA2E251D832C001D82E2 /* Info.plist */,
			);
			path = flixsterTests;
			sourceTree = "<group>";
		};
		5A9FAA36251D832C001D82E2 /* flixsterUITests */ = {
			isa = PBXGroup;
			children = (
				5A9FAA37251D832C001D82E2 /* flixsterUITests.swift */,
				5A9FAA39251D832C001D82E2 /* Info.plist */,
			);
			path = flixsterUITests;
			sourceTree = "<group>";
		};
		B281A5C7E84697154876CBEE /* Frameworks */ = {
			isa = PBXGroup;
			children = (
				2490AA1DBC4B6444FA2ACAE6 /* Pods_flixster.framework */,
				9DB97C9F7B9BF5A0AF0DCA56 /* Pods_flixster_flixsterUITests.framework */,
				C18D0AE6069330046FC2AB58 /* Pods_flixsterTests.framework */,
			);
			name = Frameworks;
			sourceTree = "<group>";
		};
/* End PBXGroup section */

/* Begin PBXNativeTarget section */
		5A9FAA11251D832A001D82E2 /* flixster */ = {
			isa = PBXNativeTarget;
			buildConfigurationList = 5A9FAA3C251D832C001D82E2 /* Build configuration list for PBXNativeTarget "flixster" */;
			buildPhases = (
				50D141AD42E599D1DBB1E0DC /* [CP] Check Pods Manifest.lock */,
				5A9FAA0E251D832A001D82E2 /* Sources */,
				5A9FAA0F251D832A001D82E2 /* Frameworks */,
				5A9FAA10251D832A001D82E2 /* Resources */,
				7EC37B169B50E631AE68204B /* [CP] Embed Pods Frameworks */,
			);
			buildRules = (
			);
			dependencies = (
			);
			name = flixster;
			productName = flixster;
			productReference = 5A9FAA12251D832A001D82E2 /* flixster.app */;
			productType = "com.apple.product-type.application";
		};
		5A9FAA27251D832C001D82E2 /* flixsterTests */ = {
			isa = PBXNativeTarget;
			buildConfigurationList = 5A9FAA3F251D832C001D82E2 /* Build configuration list for PBXNativeTarget "flixsterTests" */;
			buildPhases = (
				AB1561FDC3DD42B593ACEFF6 /* [CP] Check Pods Manifest.lock */,
				5A9FAA24251D832C001D82E2 /* Sources */,
				5A9FAA25251D832C001D82E2 /* Frameworks */,
				5A9FAA26251D832C001D82E2 /* Resources */,
			);
			buildRules = (
			);
			dependencies = (
				5A9FAA2A251D832C001D82E2 /* PBXTargetDependency */,
			);
			name = flixsterTests;
			productName = flixsterTests;
			productReference = 5A9FAA28251D832C001D82E2 /* flixsterTests.xctest */;
			productType = "com.apple.product-type.bundle.unit-test";
		};
		5A9FAA32251D832C001D82E2 /* flixsterUITests */ = {
			isa = PBXNativeTarget;
			buildConfigurationList = 5A9FAA42251D832C001D82E2 /* Build configuration list for PBXNativeTarget "flixsterUITests" */;
			buildPhases = (
				1947ED38649552074C339C94 /* [CP] Check Pods Manifest.lock */,
				5A9FAA2F251D832C001D82E2 /* Sources */,
				5A9FAA30251D832C001D82E2 /* Frameworks */,
				5A9FAA31251D832C001D82E2 /* Resources */,
				702BB2E94FDDB709F61B694E /* [CP] Embed Pods Frameworks */,
			);
			buildRules = (
			);
			dependencies = (
				5A9FAA35251D832C001D82E2 /* PBXTargetDependency */,
			);
			name = flixsterUITests;
			productName = flixsterUITests;
			productReference = 5A9FAA33251D832C001D82E2 /* flixsterUITests.xctest */;
			productType = "com.apple.product-type.bundle.ui-testing";
		};
/* End PBXNativeTarget section */

/* Begin PBXProject section */
		5A9FAA0A251D832A001D82E2 /* Project object */ = {
			isa = PBXProject;
			attributes = {
				LastSwiftUpdateCheck = 1170;
				LastUpgradeCheck = 1170;
				ORGANIZATIONNAME = celestegambardella;
				TargetAttributes = {
					5A9FAA11251D832A001D82E2 = {
						CreatedOnToolsVersion = 11.7;
					};
					5A9FAA27251D832C001D82E2 = {
						CreatedOnToolsVersion = 11.7;
						TestTargetID = 5A9FAA11251D832A001D82E2;
					};
					5A9FAA32251D832C001D82E2 = {
						CreatedOnToolsVersion = 11.7;
						TestTargetID = 5A9FAA11251D832A001D82E2;
					};
				};
			};
			buildConfigurationList = 5A9FAA0D251D832A001D82E2 /* Build configuration list for PBXProject "flixster" */;
			compatibilityVersion = "Xcode 9.3";
			developmentRegion = en;
			hasScannedForEncodings = 0;
			knownRegions = (
				en,
				Base,
			);
			mainGroup = 5A9FAA09251D832A001D82E2;
			productRefGroup = 5A9FAA13251D832A001D82E2 /* Products */;
			projectDirPath = "";
			projectRoot = "";
			targets = (
				5A9FAA11251D832A001D82E2 /* flixster */,
				5A9FAA27251D832C001D82E2 /* flixsterTests */,
				5A9FAA32251D832C001D82E2 /* flixsterUITests */,
			);
		};
/* End PBXProject section */

/* Begin PBXResourcesBuildPhase section */
		5A9FAA10251D832A001D82E2 /* Resources */ = {
			isa = PBXResourcesBuildPhase;
			buildActionMask = 2147483647;
			files = (
				5A9FAA22251D832C001D82E2 /* LaunchScreen.storyboard in Resources */,
				5A9FAA1F251D832C001D82E2 /* Assets.xcassets in Resources */,
				5A9FAA1D251D832A001D82E2 /* Main.storyboard in Resources */,
			);
			runOnlyForDeploymentPostprocessing = 0;
		};
		5A9FAA26251D832C001D82E2 /* Resources */ = {
			isa = PBXResourcesBuildPhase;
			buildActionMask = 2147483647;
			files = (
			);
			runOnlyForDeploymentPostprocessing = 0;
		};
		5A9FAA31251D832C001D82E2 /* Resources */ = {
			isa = PBXResourcesBuildPhase;
			buildActionMask = 2147483647;
			files = (
			);
			runOnlyForDeploymentPostprocessing = 0;
		};
/* End PBXResourcesBuildPhase section */

/* Begin PBXShellScriptBuildPhase section */
		1947ED38649552074C339C94 /* [CP] Check Pods Manifest.lock */ = {
			isa = PBXShellScriptBuildPhase;
			buildActionMask = 2147483647;
			files = (
			);
			inputFileListPaths = (
			);
			inputPaths = (
				"${PODS_PODFILE_DIR_PATH}/Podfile.lock",
				"${PODS_ROOT}/Manifest.lock",
			);
			name = "[CP] Check Pods Manifest.lock";
			outputFileListPaths = (
			);
			outputPaths = (
				"$(DERIVED_FILE_DIR)/Pods-flixster-flixsterUITests-checkManifestLockResult.txt",
			);
			runOnlyForDeploymentPostprocessing = 0;
			shellPath = /bin/sh;
			shellScript = "diff \"${PODS_PODFILE_DIR_PATH}/Podfile.lock\" \"${PODS_ROOT}/Manifest.lock\" > /dev/null\nif [ $? != 0 ] ; then\n    # print error to STDERR\n    echo \"error: The sandbox is not in sync with the Podfile.lock. Run 'pod install' or update your CocoaPods installation.\" >&2\n    exit 1\nfi\n# This output is used by Xcode 'outputs' to avoid re-running this script phase.\necho \"SUCCESS\" > \"${SCRIPT_OUTPUT_FILE_0}\"\n";
			showEnvVarsInLog = 0;
		};
		50D141AD42E599D1DBB1E0DC /* [CP] Check Pods Manifest.lock */ = {
			isa = PBXShellScriptBuildPhase;
			buildActionMask = 2147483647;
			files = (
			);
			inputFileListPaths = (
			);
			inputPaths = (
				"${PODS_PODFILE_DIR_PATH}/Podfile.lock",
				"${PODS_ROOT}/Manifest.lock",
			);
			name = "[CP] Check Pods Manifest.lock";
			outputFileListPaths = (
			);
			outputPaths = (
				"$(DERIVED_FILE_DIR)/Pods-flixster-checkManifestLockResult.txt",
			);
			runOnlyForDeploymentPostprocessing = 0;
			shellPath = /bin/sh;
			shellScript = "diff \"${PODS_PODFILE_DIR_PATH}/Podfile.lock\" \"${PODS_ROOT}/Manifest.lock\" > /dev/null\nif [ $? != 0 ] ; then\n    # print error to STDERR\n    echo \"error: The sandbox is not in sync with the Podfile.lock. Run 'pod install' or update your CocoaPods installation.\" >&2\n    exit 1\nfi\n# This output is used by Xcode 'outputs' to avoid re-running this script phase.\necho \"SUCCESS\" > \"${SCRIPT_OUTPUT_FILE_0}\"\n";
			showEnvVarsInLog = 0;
		};
		702BB2E94FDDB709F61B694E /* [CP] Embed Pods Frameworks */ = {
			isa = PBXShellScriptBuildPhase;
			buildActionMask = 2147483647;
			files = (
			);
			inputFileListPaths = (
				"${PODS_ROOT}/Target Support Files/Pods-flixster-flixsterUITests/Pods-flixster-flixsterUITests-frameworks-${CONFIGURATION}-input-files.xcfilelist",
			);
			name = "[CP] Embed Pods Frameworks";
			outputFileListPaths = (
				"${PODS_ROOT}/Target Support Files/Pods-flixster-flixsterUITests/Pods-flixster-flixsterUITests-frameworks-${CONFIGURATION}-output-files.xcfilelist",
			);
			runOnlyForDeploymentPostprocessing = 0;
			shellPath = /bin/sh;
			shellScript = "\"${PODS_ROOT}/Target Support Files/Pods-flixster-flixsterUITests/Pods-flixster-flixsterUITests-frameworks.sh\"\n";
			showEnvVarsInLog = 0;
		};
		7EC37B169B50E631AE68204B /* [CP] Embed Pods Frameworks */ = {
			isa = PBXShellScriptBuildPhase;
			buildActionMask = 2147483647;
			files = (
			);
			inputFileListPaths = (
				"${PODS_ROOT}/Target Support Files/Pods-flixster/Pods-flixster-frameworks-${CONFIGURATION}-input-files.xcfilelist",
			);
			name = "[CP] Embed Pods Frameworks";
			outputFileListPaths = (
				"${PODS_ROOT}/Target Support Files/Pods-flixster/Pods-flixster-frameworks-${CONFIGURATION}-output-files.xcfilelist",
			);
			runOnlyForDeploymentPostprocessing = 0;
			shellPath = /bin/sh;
			shellScript = "\"${PODS_ROOT}/Target Support Files/Pods-flixster/Pods-flixster-frameworks.sh\"\n";
			showEnvVarsInLog = 0;
		};
		AB1561FDC3DD42B593ACEFF6 /* [CP] Check Pods Manifest.lock */ = {
			isa = PBXShellScriptBuildPhase;
			buildActionMask = 2147483647;
			files = (
			);
			inputFileListPaths = (
			);
			inputPaths = (
				"${PODS_PODFILE_DIR_PATH}/Podfile.lock",
				"${PODS_ROOT}/Manifest.lock",
			);
			name = "[CP] Check Pods Manifest.lock";
			outputFileListPaths = (
			);
			outputPaths = (
				"$(DERIVED_FILE_DIR)/Pods-flixsterTests-checkManifestLockResult.txt",
			);
			runOnlyForDeploymentPostprocessing = 0;
			shellPath = /bin/sh;
			shellScript = "diff \"${PODS_PODFILE_DIR_PATH}/Podfile.lock\" \"${PODS_ROOT}/Manifest.lock\" > /dev/null\nif [ $? != 0 ] ; then\n    # print error to STDERR\n    echo \"error: The sandbox is not in sync with the Podfile.lock. Run 'pod install' or update your CocoaPods installation.\" >&2\n    exit 1\nfi\n# This output is used by Xcode 'outputs' to avoid re-running this script phase.\necho \"SUCCESS\" > \"${SCRIPT_OUTPUT_FILE_0}\"\n";
			showEnvVarsInLog = 0;
		};
/* End PBXShellScriptBuildPhase section */

/* Begin PBXSourcesBuildPhase section */
		5A9FAA0E251D832A001D82E2 /* Sources */ = {
			isa = PBXSourcesBuildPhase;
			buildActionMask = 2147483647;
			files = (
				5A9FAA16251D832A001D82E2 /* AppDelegate.swift in Sources */,
				5A9FAA18251D832A001D82E2 /* SceneDelegate.swift in Sources */,
				5A3A0031251EBA1500D09B94 /* MovieCell.swift in Sources */,
				5A9FAA46251D8346001D82E2 /* MoviesViewController.swift in Sources */,
			);
			runOnlyForDeploymentPostprocessing = 0;
		};
		5A9FAA24251D832C001D82E2 /* Sources */ = {
			isa = PBXSourcesBuildPhase;
			buildActionMask = 2147483647;
			files = (
				5A9FAA2D251D832C001D82E2 /* flixsterTests.swift in Sources */,
			);
			runOnlyForDeploymentPostprocessing = 0;
		};
		5A9FAA2F251D832C001D82E2 /* Sources */ = {
			isa = PBXSourcesBuildPhase;
			buildActionMask = 2147483647;
			files = (
				5A9FAA38251D832C001D82E2 /* flixsterUITests.swift in Sources */,
			);
			runOnlyForDeploymentPostprocessing = 0;
		};
/* End PBXSourcesBuildPhase section */

/* Begin PBXTargetDependency section */
		5A9FAA2A251D832C001D82E2 /* PBXTargetDependency */ = {
			isa = PBXTargetDependency;
			target = 5A9FAA11251D832A001D82E2 /* flixster */;
			targetProxy = 5A9FAA29251D832C001D82E2 /* PBXContainerItemProxy */;
		};
		5A9FAA35251D832C001D82E2 /* PBXTargetDependency */ = {
			isa = PBXTargetDependency;
			target = 5A9FAA11251D832A001D82E2 /* flixster */;
			targetProxy = 5A9FAA34251D832C001D82E2 /* PBXContainerItemProxy */;
		};
/* End PBXTargetDependency section */

/* Begin PBXVariantGroup section */
		5A9FAA1B251D832A001D82E2 /* Main.storyboard */ = {
			isa = PBXVariantGroup;
			children = (
				5A9FAA1C251D832A001D82E2 /* Base */,
			);
			name = Main.storyboard;
			sourceTree = "<group>";
		};
		5A9FAA20251D832C001D82E2 /* LaunchScreen.storyboard */ = {
			isa = PBXVariantGroup;
			children = (
				5A9FAA21251D832C001D82E2 /* Base */,
			);
			name = LaunchScreen.storyboard;
			sourceTree = "<group>";
		};
/* End PBXVariantGroup section */

/* Begin XCBuildConfiguration section */
		5A9FAA3A251D832C001D82E2 /* Debug */ = {
			isa = XCBuildConfiguration;
			buildSettings = {
				ALWAYS_SEARCH_USER_PATHS = NO;
				CLANG_ANALYZER_NONNULL = YES;
				CLANG_ANALYZER_NUMBER_OBJECT_CONVERSION = YES_AGGRESSIVE;
				CLANG_CXX_LANGUAGE_STANDARD = "gnu++14";
				CLANG_CXX_LIBRARY = "libc++";
				CLANG_ENABLE_MODULES = YES;
				CLANG_ENABLE_OBJC_ARC = YES;
				CLANG_ENABLE_OBJC_WEAK = YES;
				CLANG_WARN_BLOCK_CAPTURE_AUTORELEASING = YES;
				CLANG_WARN_BOOL_CONVERSION = YES;
				CLANG_WARN_COMMA = YES;
				CLANG_WARN_CONSTANT_CONVERSION = YES;
				CLANG_WARN_DEPRECATED_OBJC_IMPLEMENTATIONS = YES;
				CLANG_WARN_DIRECT_OBJC_ISA_USAGE = YES_ERROR;
				CLANG_WARN_DOCUMENTATION_COMMENTS = YES;
				CLANG_WARN_EMPTY_BODY = YES;
				CLANG_WARN_ENUM_CONVERSION = YES;
				CLANG_WARN_INFINITE_RECURSION = YES;
				CLANG_WARN_INT_CONVERSION = YES;
				CLANG_WARN_NON_LITERAL_NULL_CONVERSION = YES;
				CLANG_WARN_OBJC_IMPLICIT_RETAIN_SELF = YES;
				CLANG_WARN_OBJC_LITERAL_CONVERSION = YES;
				CLANG_WARN_OBJC_ROOT_CLASS = YES_ERROR;
				CLANG_WARN_RANGE_LOOP_ANALYSIS = YES;
				CLANG_WARN_STRICT_PROTOTYPES = YES;
				CLANG_WARN_SUSPICIOUS_MOVE = YES;
				CLANG_WARN_UNGUARDED_AVAILABILITY = YES_AGGRESSIVE;
				CLANG_WARN_UNREACHABLE_CODE = YES;
				CLANG_WARN__DUPLICATE_METHOD_MATCH = YES;
				COPY_PHASE_STRIP = NO;
				DEBUG_INFORMATION_FORMAT = dwarf;
				ENABLE_STRICT_OBJC_MSGSEND = YES;
				ENABLE_TESTABILITY = YES;
				GCC_C_LANGUAGE_STANDARD = gnu11;
				GCC_DYNAMIC_NO_PIC = NO;
				GCC_NO_COMMON_BLOCKS = YES;
				GCC_OPTIMIZATION_LEVEL = 0;
				GCC_PREPROCESSOR_DEFINITIONS = (
					"DEBUG=1",
					"$(inherited)",
				);
				GCC_WARN_64_TO_32_BIT_CONVERSION = YES;
				GCC_WARN_ABOUT_RETURN_TYPE = YES_ERROR;
				GCC_WARN_UNDECLARED_SELECTOR = YES;
				GCC_WARN_UNINITIALIZED_AUTOS = YES_AGGRESSIVE;
				GCC_WARN_UNUSED_FUNCTION = YES;
				GCC_WARN_UNUSED_VARIABLE = YES;
				IPHONEOS_DEPLOYMENT_TARGET = 13.7;
				MTL_ENABLE_DEBUG_INFO = INCLUDE_SOURCE;
				MTL_FAST_MATH = YES;
				ONLY_ACTIVE_ARCH = YES;
				SDKROOT = iphoneos;
				SWIFT_ACTIVE_COMPILATION_CONDITIONS = DEBUG;
				SWIFT_OPTIMIZATION_LEVEL = "-Onone";
			};
			name = Debug;
		};
		5A9FAA3B251D832C001D82E2 /* Release */ = {
			isa = XCBuildConfiguration;
			buildSettings = {
				ALWAYS_SEARCH_USER_PATHS = NO;
				CLANG_ANALYZER_NONNULL = YES;
				CLANG_ANALYZER_NUMBER_OBJECT_CONVERSION = YES_AGGRESSIVE;
				CLANG_CXX_LANGUAGE_STANDARD = "gnu++14";
				CLANG_CXX_LIBRARY = "libc++";
				CLANG_ENABLE_MODULES = YES;
				CLANG_ENABLE_OBJC_ARC = YES;
				CLANG_ENABLE_OBJC_WEAK = YES;
				CLANG_WARN_BLOCK_CAPTURE_AUTORELEASING = YES;
				CLANG_WARN_BOOL_CONVERSION = YES;
				CLANG_WARN_COMMA = YES;
				CLANG_WARN_CONSTANT_CONVERSION = YES;
				CLANG_WARN_DEPRECATED_OBJC_IMPLEMENTATIONS = YES;
				CLANG_WARN_DIRECT_OBJC_ISA_USAGE = YES_ERROR;
				CLANG_WARN_DOCUMENTATION_COMMENTS = YES;
				CLANG_WARN_EMPTY_BODY = YES;
				CLANG_WARN_ENUM_CONVERSION = YES;
				CLANG_WARN_INFINITE_RECURSION = YES;
				CLANG_WARN_INT_CONVERSION = YES;
				CLANG_WARN_NON_LITERAL_NULL_CONVERSION = YES;
				CLANG_WARN_OBJC_IMPLICIT_RETAIN_SELF = YES;
				CLANG_WARN_OBJC_LITERAL_CONVERSION = YES;
				CLANG_WARN_OBJC_ROOT_CLASS = YES_ERROR;
				CLANG_WARN_RANGE_LOOP_ANALYSIS = YES;
				CLANG_WARN_STRICT_PROTOTYPES = YES;
				CLANG_WARN_SUSPICIOUS_MOVE = YES;
				CLANG_WARN_UNGUARDED_AVAILABILITY = YES_AGGRESSIVE;
				CLANG_WARN_UNREACHABLE_CODE = YES;
				CLANG_WARN__DUPLICATE_METHOD_MATCH = YES;
				COPY_PHASE_STRIP = NO;
				DEBUG_INFORMATION_FORMAT = "dwarf-with-dsym";
				ENABLE_NS_ASSERTIONS = NO;
				ENABLE_STRICT_OBJC_MSGSEND = YES;
				GCC_C_LANGUAGE_STANDARD = gnu11;
				GCC_NO_COMMON_BLOCKS = YES;
				GCC_WARN_64_TO_32_BIT_CONVERSION = YES;
				GCC_WARN_ABOUT_RETURN_TYPE = YES_ERROR;
				GCC_WARN_UNDECLARED_SELECTOR = YES;
				GCC_WARN_UNINITIALIZED_AUTOS = YES_AGGRESSIVE;
				GCC_WARN_UNUSED_FUNCTION = YES;
				GCC_WARN_UNUSED_VARIABLE = YES;
				IPHONEOS_DEPLOYMENT_TARGET = 13.7;
				MTL_ENABLE_DEBUG_INFO = NO;
				MTL_FAST_MATH = YES;
				SDKROOT = iphoneos;
				SWIFT_COMPILATION_MODE = wholemodule;
				SWIFT_OPTIMIZATION_LEVEL = "-O";
				VALIDATE_PRODUCT = YES;
			};
			name = Release;
		};
		5A9FAA3D251D832C001D82E2 /* Debug */ = {
			isa = XCBuildConfiguration;
			baseConfigurationReference = 839B6478280EE476A58C9C21 /* Pods-flixster.debug.xcconfig */;
			buildSettings = {
				ASSETCATALOG_COMPILER_APPICON_NAME = AppIcon;
				CODE_SIGN_STYLE = Automatic;
				INFOPLIST_FILE = flixster/Info.plist;
				LD_RUNPATH_SEARCH_PATHS = (
					"$(inherited)",
					"@executable_path/Frameworks",
				);
				PRODUCT_BUNDLE_IDENTIFIER = com.codepath.flixster;
				PRODUCT_NAME = "$(TARGET_NAME)";
				SWIFT_VERSION = 5.0;
				TARGETED_DEVICE_FAMILY = "1,2";
			};
			name = Debug;
		};
		5A9FAA3E251D832C001D82E2 /* Release */ = {
			isa = XCBuildConfiguration;
			baseConfigurationReference = 0C4B91FB63040882C6937062 /* Pods-flixster.release.xcconfig */;
			buildSettings = {
				ASSETCATALOG_COMPILER_APPICON_NAME = AppIcon;
				CODE_SIGN_STYLE = Automatic;
				INFOPLIST_FILE = flixster/Info.plist;
				LD_RUNPATH_SEARCH_PATHS = (
					"$(inherited)",
					"@executable_path/Frameworks",
				);
				PRODUCT_BUNDLE_IDENTIFIER = com.codepath.flixster;
				PRODUCT_NAME = "$(TARGET_NAME)";
				SWIFT_VERSION = 5.0;
				TARGETED_DEVICE_FAMILY = "1,2";
			};
			name = Release;
		};
		5A9FAA40251D832C001D82E2 /* Debug */ = {
			isa = XCBuildConfiguration;
			baseConfigurationReference = 23A30117E5C298AA827A4E09 /* Pods-flixsterTests.debug.xcconfig */;
			buildSettings = {
				ALWAYS_EMBED_SWIFT_STANDARD_LIBRARIES = YES;
				BUNDLE_LOADER = "$(TEST_HOST)";
				CODE_SIGN_STYLE = Automatic;
				INFOPLIST_FILE = flixsterTests/Info.plist;
				IPHONEOS_DEPLOYMENT_TARGET = 13.7;
				LD_RUNPATH_SEARCH_PATHS = (
					"$(inherited)",
					"@executable_path/Frameworks",
					"@loader_path/Frameworks",
				);
				PRODUCT_BUNDLE_IDENTIFIER = com.codepath.flixsterTests;
				PRODUCT_NAME = "$(TARGET_NAME)";
				SWIFT_VERSION = 5.0;
				TARGETED_DEVICE_FAMILY = "1,2";
				TEST_HOST = "$(BUILT_PRODUCTS_DIR)/flixster.app/flixster";
			};
			name = Debug;
		};
		5A9FAA41251D832C001D82E2 /* Release */ = {
			isa = XCBuildConfiguration;
			baseConfigurationReference = 0B7D95DFD4F28B74B2BAAEF6 /* Pods-flixsterTests.release.xcconfig */;
			buildSettings = {
				ALWAYS_EMBED_SWIFT_STANDARD_LIBRARIES = YES;
				BUNDLE_LOADER = "$(TEST_HOST)";
				CODE_SIGN_STYLE = Automatic;
				INFOPLIST_FILE = flixsterTests/Info.plist;
				IPHONEOS_DEPLOYMENT_TARGET = 13.7;
				LD_RUNPATH_SEARCH_PATHS = (
					"$(inherited)",
					"@executable_path/Frameworks",
					"@loader_path/Frameworks",
				);
				PRODUCT_BUNDLE_IDENTIFIER = com.codepath.flixsterTests;
				PRODUCT_NAME = "$(TARGET_NAME)";
				SWIFT_VERSION = 5.0;
				TARGETED_DEVICE_FAMILY = "1,2";
				TEST_HOST = "$(BUILT_PRODUCTS_DIR)/flixster.app/flixster";
			};
			name = Release;
		};
		5A9FAA43251D832C001D82E2 /* Debug */ = {
			isa = XCBuildConfiguration;
			baseConfigurationReference = 024A413F7F918325784EDB79 /* Pods-flixster-flixsterUITests.debug.xcconfig */;
			buildSettings = {
				ALWAYS_EMBED_SWIFT_STANDARD_LIBRARIES = YES;
				CODE_SIGN_STYLE = Automatic;
				INFOPLIST_FILE = flixsterUITests/Info.plist;
				LD_RUNPATH_SEARCH_PATHS = (
					"$(inherited)",
					"@executable_path/Frameworks",
					"@loader_path/Frameworks",
				);
				PRODUCT_BUNDLE_IDENTIFIER = com.codepath.flixsterUITests;
				PRODUCT_NAME = "$(TARGET_NAME)";
				SWIFT_VERSION = 5.0;
				TARGETED_DEVICE_FAMILY = "1,2";
				TEST_TARGET_NAME = flixster;
			};
			name = Debug;
		};
		5A9FAA44251D832C001D82E2 /* Release */ = {
			isa = XCBuildConfiguration;
			baseConfigurationReference = D4F1825AF8689F9BBC701920 /* Pods-flixster-flixsterUITests.release.xcconfig */;
			buildSettings = {
				ALWAYS_EMBED_SWIFT_STANDARD_LIBRARIES = YES;
				CODE_SIGN_STYLE = Automatic;
				INFOPLIST_FILE = flixsterUITests/Info.plist;
				LD_RUNPATH_SEARCH_PATHS = (
					"$(inherited)",
					"@executable_path/Frameworks",
					"@loader_path/Frameworks",
				);
				PRODUCT_BUNDLE_IDENTIFIER = com.codepath.flixsterUITests;
				PRODUCT_NAME = "$(TARGET_NAME)";
				SWIFT_VERSION = 5.0;
				TARGETED_DEVICE_FAMILY = "1,2";
				TEST_TARGET_NAME = flixster;
			};
			name = Release;
		};
/* End XCBuildConfiguration section */

/* Begin XCConfigurationList section */
		5A9FAA0D251D832A001D82E2 /* Build configuration list for PBXProject "flixster" */ = {
			isa = XCConfigurationList;
			buildConfigurations = (
				5A9FAA3A251D832C001D82E2 /* Debug */,
				5A9FAA3B251D832C001D82E2 /* Release */,
			);
			defaultConfigurationIsVisible = 0;
			defaultConfigurationName = Release;
		};
		5A9FAA3C251D832C001D82E2 /* Build configuration list for PBXNativeTarget "flixster" */ = {
			isa = XCConfigurationList;
			buildConfigurations = (
				5A9FAA3D251D832C001D82E2 /* Debug */,
				5A9FAA3E251D832C001D82E2 /* Release */,
			);
			defaultConfigurationIsVisible = 0;
			defaultConfigurationName = Release;
		};
		5A9FAA3F251D832C001D82E2 /* Build configuration list for PBXNativeTarget "flixsterTests" */ = {
			isa = XCConfigurationList;
			buildConfigurations = (
				5A9FAA40251D832C001D82E2 /* Debug */,
				5A9FAA41251D832C001D82E2 /* Release */,
			);
			defaultConfigurationIsVisible = 0;
			defaultConfigurationName = Release;
		};
		5A9FAA42251D832C001D82E2 /* Build configuration list for PBXNativeTarget "flixsterUITests" */ = {
			isa = XCConfigurationList;
			buildConfigurations = (
				5A9FAA43251D832C001D82E2 /* Debug */,
				5A9FAA44251D832C001D82E2 /* Release */,
			);
			defaultConfigurationIsVisible = 0;
			defaultConfigurationName = Release;
		};
/* End XCConfigurationList section */
	};
	rootObject = 5A9FAA0A251D832A001D82E2 /* Project object */;
}
